
Microsoft Visual Studio Solution File, Format Version 12.00
# Visual Studio Version 17
VisualStudioVersion = 17.7.34031.279
MinimumVisualStudioVersion = 10.0.40219.1
Project("{9A19103F-16F7-4668-BE54-9A1E7A4F7556}") = "MECHAT.API", "WEB\MECHAT.API\MECHAT.API.csproj", "{8F17CD81-6015-4C97-BA84-0DECD586913B}"
EndProject
Project("{2150E333-8FDC-42A3-9474-1A3956D46DE8}") = "WEB", "WEB", "{42F03235-E70B-47BD-BF30-4DF76AA93A05}"
EndProject
Project("{9A19103F-16F7-4668-BE54-9A1E7A4F7556}") = "MECHAT.DOMAIN", "WEB\MECHAT.DOMAIN\MECHAT.DOMAIN.csproj", "{F46B7E78-412B-4EA4-B5BA-F0896CB11E22}"
EndProject
Project("{9A19103F-16F7-4668-BE54-9A1E7A4F7556}") = "MECHAT.SERVICE", "WEB\MECHAT.SERVICE\MECHAT.SERVICE.csproj", "{AFF3EB4F-6D9D-4F8E-8BBF-DE5F7669F9A2}"
EndProject
Project("{9A19103F-16F7-4668-BE54-9A1E7A4F7556}") = "MECHAT.INFRASTRUCTURE", "WEB\MECHAT.INFRASTRUCTURE\MECHAT.INFRASTRUCTURE.csproj", "{099E37FD-4079-4508-9942-B3DB39BF8CA3}"
EndProject
Project("{2150E333-8FDC-42A3-9474-1A3956D46DE8}") = "BASE", "BASE", "{5C25F27C-2F18-47F4-AA16-D5642BA98300}"
EndProject
Project("{2150E333-8FDC-42A3-9474-1A3956D46DE8}") = "API.BASE", "API.BASE", "{9C6A4B24-04F8-440B-8206-4EB3EA1BB9AD}"
EndProject
Project("{2150E333-8FDC-42A3-9474-1A3956D46DE8}") = "DOMAIN.BASE", "DOMAIN.BASE", "{D69E4BC0-CD7E-4959-8283-A1B0C2D817C6}"
EndProject
Project("{2150E333-8FDC-42A3-9474-1A3956D46DE8}") = "SERVICE.BASE", "SERVICE.BASE", "{31F6EFFB-8E8D-490F-B97B-807BA6990B60}"
EndProject
Project("{2150E333-8FDC-42A3-9474-1A3956D46DE8}") = "INFRASTRUCTURE.BASE", "INFRASTRUCTURE.BASE", "{FE547E80-DA74-411C-AABE-6614BEE5FBEA}"
EndProject
Project("{9A19103F-16F7-4668-BE54-9A1E7A4F7556}") = "MECHAT.IdentityServerBase", "BASE\API.BASE\MECHAT.IdentityServerBase\MECHAT.IdentityServerBase.csproj", "{8A9191BA-6884-4927-B164-2CADD1A31C3C}"
EndProject
Project("{9A19103F-16F7-4668-BE54-9A1E7A4F7556}") = "MECHAT.Utils", "BASE\MECHAT.Utils\MECHAT.Utils.csproj", "{14ABB7FA-4F48-427B-BBDD-0E7FA780C668}"
EndProject
Project("{9A19103F-16F7-4668-BE54-9A1E7A4F7556}") = "MECHAT.WebAPIBase", "BASE\API.BASE\MECHAT.WebAPIBase\MECHAT.WebAPIBase.csproj", "{FD9CF1B6-91DB-4C64-A416-82CB888AC27A}"
EndProject
Project("{9A19103F-16F7-4668-BE54-9A1E7A4F7556}") = "MECHAT.InfrastructureBase", "BASE\INFRASTRUCTURE.BASE\MECHAT.InfrastructureBase\MECHAT.InfrastructureBase.csproj", "{C9E0EC9E-E429-461F-B7DB-9C7B4D0DC253}"
EndProject
Project("{9A19103F-16F7-4668-BE54-9A1E7A4F7556}") = "MECHAT.ServiceBase", "BASE\SERVICE.BASE\MECHAT.ServiceBase\MECHAT.ServiceBase.csproj", "{B71707E1-036A-46C7-862F-54D34983E6DC}"
EndProject
Project("{9A19103F-16F7-4668-BE54-9A1E7A4F7556}") = "MECHAT.DomainBase", "BASE\DOMAIN.BASE\MECHAT.DomainBase\MECHAT.DomainBase.csproj", "{6DC88096-F86E-46BD-8766-5B002FE4C7B9}"
EndProject
Project("{2150E333-8FDC-42A3-9474-1A3956D46DE8}") = "Tools", "Tools", "{2AF90F2B-1A50-4336-B453-5F37A0B43DEA}"
EndProject
Project("{FAE04EC0-301F-11D3-BF4B-00C04F79EFBC}") = "MeChat.HostConsole", "Tools\MeChat.HostConsole\MeChat.HostConsole.csproj", "{97A2C12C-4370-43E2-9196-608E4CC94728}"
EndProject
Global
	GlobalSection(SolutionConfigurationPlatforms) = preSolution
		Debug|Any CPU = Debug|Any CPU
		Release|Any CPU = Release|Any CPU
	EndGlobalSection
	GlobalSection(ProjectConfigurationPlatforms) = postSolution
		{8F17CD81-6015-4C97-BA84-0DECD586913B}.Debug|Any CPU.ActiveCfg = Debug|Any CPU
		{8F17CD81-6015-4C97-BA84-0DECD586913B}.Debug|Any CPU.Build.0 = Debug|Any CPU
		{8F17CD81-6015-4C97-BA84-0DECD586913B}.Release|Any CPU.ActiveCfg = Release|Any CPU
		{8F17CD81-6015-4C97-BA84-0DECD586913B}.Release|Any CPU.Build.0 = Release|Any CPU
		{F46B7E78-412B-4EA4-B5BA-F0896CB11E22}.Debug|Any CPU.ActiveCfg = Debug|Any CPU
		{F46B7E78-412B-4EA4-B5BA-F0896CB11E22}.Debug|Any CPU.Build.0 = Debug|Any CPU
		{F46B7E78-412B-4EA4-B5BA-F0896CB11E22}.Release|Any CPU.ActiveCfg = Release|Any CPU
		{F46B7E78-412B-4EA4-B5BA-F0896CB11E22}.Release|Any CPU.Build.0 = Release|Any CPU
		{AFF3EB4F-6D9D-4F8E-8BBF-DE5F7669F9A2}.Debug|Any CPU.ActiveCfg = Debug|Any CPU
		{AFF3EB4F-6D9D-4F8E-8BBF-DE5F7669F9A2}.Debug|Any CPU.Build.0 = Debug|Any CPU
		{AFF3EB4F-6D9D-4F8E-8BBF-DE5F7669F9A2}.Release|Any CPU.ActiveCfg = Release|Any CPU
		{AFF3EB4F-6D9D-4F8E-8BBF-DE5F7669F9A2}.Release|Any CPU.Build.0 = Release|Any CPU
		{099E37FD-4079-4508-9942-B3DB39BF8CA3}.Debug|Any CPU.ActiveCfg = Debug|Any CPU
		{099E37FD-4079-4508-9942-B3DB39BF8CA3}.Debug|Any CPU.Build.0 = Debug|Any CPU
		{099E37FD-4079-4508-9942-B3DB39BF8CA3}.Release|Any CPU.ActiveCfg = Release|Any CPU
		{099E37FD-4079-4508-9942-B3DB39BF8CA3}.Release|Any CPU.Build.0 = Release|Any CPU
		{8A9191BA-6884-4927-B164-2CADD1A31C3C}.Debug|Any CPU.ActiveCfg = Debug|Any CPU
		{8A9191BA-6884-4927-B164-2CADD1A31C3C}.Debug|Any CPU.Build.0 = Debug|Any CPU
		{8A9191BA-6884-4927-B164-2CADD1A31C3C}.Release|Any CPU.ActiveCfg = Release|Any CPU
		{8A9191BA-6884-4927-B164-2CADD1A31C3C}.Release|Any CPU.Build.0 = Release|Any CPU
		{14ABB7FA-4F48-427B-BBDD-0E7FA780C668}.Debug|Any CPU.ActiveCfg = Debug|Any CPU
		{14ABB7FA-4F48-427B-BBDD-0E7FA780C668}.Debug|Any CPU.Build.0 = Debug|Any CPU
		{14ABB7FA-4F48-427B-BBDD-0E7FA780C668}.Release|Any CPU.ActiveCfg = Release|Any CPU
		{14ABB7FA-4F48-427B-BBDD-0E7FA780C668}.Release|Any CPU.Build.0 = Release|Any CPU
		{FD9CF1B6-91DB-4C64-A416-82CB888AC27A}.Debug|Any CPU.ActiveCfg = Debug|Any CPU
		{FD9CF1B6-91DB-4C64-A416-82CB888AC27A}.Debug|Any CPU.Build.0 = Debug|Any CPU
		{FD9CF1B6-91DB-4C64-A416-82CB888AC27A}.Release|Any CPU.ActiveCfg = Release|Any CPU
		{FD9CF1B6-91DB-4C64-A416-82CB888AC27A}.Release|Any CPU.Build.0 = Release|Any CPU
		{C9E0EC9E-E429-461F-B7DB-9C7B4D0DC253}.Debug|Any CPU.ActiveCfg = Debug|Any CPU
		{C9E0EC9E-E429-461F-B7DB-9C7B4D0DC253}.Debug|Any CPU.Build.0 = Debug|Any CPU
		{C9E0EC9E-E429-461F-B7DB-9C7B4D0DC253}.Release|Any CPU.ActiveCfg = Release|Any CPU
		{C9E0EC9E-E429-461F-B7DB-9C7B4D0DC253}.Release|Any CPU.Build.0 = Release|Any CPU
		{B71707E1-036A-46C7-862F-54D34983E6DC}.Debug|Any CPU.ActiveCfg = Debug|Any CPU
		{B71707E1-036A-46C7-862F-54D34983E6DC}.Debug|Any CPU.Build.0 = Debug|Any CPU
		{B71707E1-036A-46C7-862F-54D34983E6DC}.Release|Any CPU.ActiveCfg = Release|Any CPU
		{B71707E1-036A-46C7-862F-54D34983E6DC}.Release|Any CPU.Build.0 = Release|Any CPU
		{6DC88096-F86E-46BD-8766-5B002FE4C7B9}.Debug|Any CPU.ActiveCfg = Debug|Any CPU
		{6DC88096-F86E-46BD-8766-5B002FE4C7B9}.Debug|Any CPU.Build.0 = Debug|Any CPU
		{6DC88096-F86E-46BD-8766-5B002FE4C7B9}.Release|Any CPU.ActiveCfg = Release|Any CPU
		{6DC88096-F86E-46BD-8766-5B002FE4C7B9}.Release|Any CPU.Build.0 = Release|Any CPU
		{97A2C12C-4370-43E2-9196-608E4CC94728}.Debug|Any CPU.ActiveCfg = Debug|Any CPU
		{97A2C12C-4370-43E2-9196-608E4CC94728}.Debug|Any CPU.Build.0 = Debug|Any CPU
		{97A2C12C-4370-43E2-9196-608E4CC94728}.Release|Any CPU.ActiveCfg = Release|Any CPU
		{97A2C12C-4370-43E2-9196-608E4CC94728}.Release|Any CPU.Build.0 = Release|Any CPU
	EndGlobalSection
	GlobalSection(SolutionProperties) = preSolution
		HideSolutionNode = FALSE
	EndGlobalSection
	GlobalSection(NestedProjects) = preSolution
		{8F17CD81-6015-4C97-BA84-0DECD586913B} = {42F03235-E70B-47BD-BF30-4DF76AA93A05}
		{F46B7E78-412B-4EA4-B5BA-F0896CB11E22} = {42F03235-E70B-47BD-BF30-4DF76AA93A05}
		{AFF3EB4F-6D9D-4F8E-8BBF-DE5F7669F9A2} = {42F03235-E70B-47BD-BF30-4DF76AA93A05}
		{099E37FD-4079-4508-9942-B3DB39BF8CA3} = {42F03235-E70B-47BD-BF30-4DF76AA93A05}
		{9C6A4B24-04F8-440B-8206-4EB3EA1BB9AD} = {5C25F27C-2F18-47F4-AA16-D5642BA98300}
		{D69E4BC0-CD7E-4959-8283-A1B0C2D817C6} = {5C25F27C-2F18-47F4-AA16-D5642BA98300}
		{31F6EFFB-8E8D-490F-B97B-807BA6990B60} = {5C25F27C-2F18-47F4-AA16-D5642BA98300}
		{FE547E80-DA74-411C-AABE-6614BEE5FBEA} = {5C25F27C-2F18-47F4-AA16-D5642BA98300}
		{8A9191BA-6884-4927-B164-2CADD1A31C3C} = {9C6A4B24-04F8-440B-8206-4EB3EA1BB9AD}
		{14ABB7FA-4F48-427B-BBDD-0E7FA780C668} = {5C25F27C-2F18-47F4-AA16-D5642BA98300}
		{FD9CF1B6-91DB-4C64-A416-82CB888AC27A} = {9C6A4B24-04F8-440B-8206-4EB3EA1BB9AD}
		{C9E0EC9E-E429-461F-B7DB-9C7B4D0DC253} = {FE547E80-DA74-411C-AABE-6614BEE5FBEA}
		{B71707E1-036A-46C7-862F-54D34983E6DC} = {31F6EFFB-8E8D-490F-B97B-807BA6990B60}
		{6DC88096-F86E-46BD-8766-5B002FE4C7B9} = {D69E4BC0-CD7E-4959-8283-A1B0C2D817C6}
		{97A2C12C-4370-43E2-9196-608E4CC94728} = {2AF90F2B-1A50-4336-B453-5F37A0B43DEA}
	EndGlobalSection
	GlobalSection(ExtensibilityGlobals) = postSolution
		SolutionGuid = {B7F2DFA0-72DB-45B2-B16F-1B59B7A507E3}
	EndGlobalSection
EndGlobal
